
Microsoft Visual Studio Solution File, Format Version 12.00
# Visual Studio Version 17
VisualStudioVersion = 17.9.34607.119
MinimumVisualStudioVersion = 10.0.40219.1
Project("{FAE04EC0-301F-11D3-BF4B-00C04F79EFBC}") = "InterfaceImplentation", "InterfaceImplentation.csproj", "{1D00D7C7-EE78-451E-9CDE-28F5797E1C9A}"
EndProject
Global
	GlobalSection(SolutionConfigurationPlatforms) = preSolution
		Debug|Any CPU = Debug|Any CPU
		Release|Any CPU = Release|Any CPU
	EndGlobalSection
	GlobalSection(ProjectConfigurationPlatforms) = postSolution
		{1D00D7C7-EE78-451E-9CDE-28F5797E1C9A}.Debug|Any CPU.ActiveCfg = Debug|Any CPU
		{1D00D7C7-EE78-451E-9CDE-28F5797E1C9A}.Debug|Any CPU.Build.0 = Debug|Any CPU
		{1D00D7C7-EE78-451E-9CDE-28F5797E1C9A}.Release|Any CPU.ActiveCfg = Release|Any CPU
		{1D00D7C7-EE78-451E-9CDE-28F5797E1C9A}.Release|Any CPU.Build.0 = Release|Any CPU
	EndGlobalSection
	GlobalSection(SolutionProperties) = preSolution
		HideSolutionNode = FALSE
	EndGlobalSection
	GlobalSection(ExtensibilityGlobals) = postSolution
		SolutionGuid = {6B35A784-C1B8-4BD7-9C36-7166A9ED5C19}
	EndGlobalSection
EndGlobal
