
Microsoft Visual Studio Solution File, Format Version 12.00
# Visual Studio Version 17
VisualStudioVersion = 17.9.34607.119
MinimumVisualStudioVersion = 10.0.40219.1
Project("{FAE04EC0-301F-11D3-BF4B-00C04F79EFBC}") = "InterfaceDemo", "InterfaceDemo.csproj", "{9940AD7C-EE34-47FC-9816-5D8AD05C5FBD}"
EndProject
Global
	GlobalSection(SolutionConfigurationPlatforms) = preSolution
		Debug|Any CPU = Debug|Any CPU
		Release|Any CPU = Release|Any CPU
	EndGlobalSection
	GlobalSection(ProjectConfigurationPlatforms) = postSolution
		{9940AD7C-EE34-47FC-9816-5D8AD05C5FBD}.Debug|Any CPU.ActiveCfg = Debug|Any CPU
		{9940AD7C-EE34-47FC-9816-5D8AD05C5FBD}.Debug|Any CPU.Build.0 = Debug|Any CPU
		{9940AD7C-EE34-47FC-9816-5D8AD05C5FBD}.Release|Any CPU.ActiveCfg = Release|Any CPU
		{9940AD7C-EE34-47FC-9816-5D8AD05C5FBD}.Release|Any CPU.Build.0 = Release|Any CPU
	EndGlobalSection
	GlobalSection(SolutionProperties) = preSolution
		HideSolutionNode = FALSE
	EndGlobalSection
	GlobalSection(ExtensibilityGlobals) = postSolution
		SolutionGuid = {E4D95B4C-7AFC-4892-967C-F90F44A5989F}
	EndGlobalSection
EndGlobal
