
Microsoft Visual Studio Solution File, Format Version 12.00
# Visual Studio Version 17
VisualStudioVersion = 17.9.34607.119
MinimumVisualStudioVersion = 10.0.40219.1
Project("{FAE04EC0-301F-11D3-BF4B-00C04F79EFBC}") = "FirstAspNetCoreApp", "..\FirstAspNetCoreApp\FirstAspNetCoreApp.csproj", "{D2112F15-3CE4-4569-A048-248AA4F3637A}"
EndProject
Project("{FAE04EC0-301F-11D3-BF4B-00C04F79EFBC}") = "WebApplication1", "..\WebApplication1\WebApplication1.csproj", "{BC7FC718-6EA0-4A9E-B3E9-B99CA6DB7903}"
EndProject
Global
	GlobalSection(SolutionConfigurationPlatforms) = preSolution
		Debug|Any CPU = Debug|Any CPU
		Release|Any CPU = Release|Any CPU
	EndGlobalSection
	GlobalSection(ProjectConfigurationPlatforms) = postSolution
		{D2112F15-3CE4-4569-A048-248AA4F3637A}.Debug|Any CPU.ActiveCfg = Debug|Any CPU
		{D2112F15-3CE4-4569-A048-248AA4F3637A}.Debug|Any CPU.Build.0 = Debug|Any CPU
		{D2112F15-3CE4-4569-A048-248AA4F3637A}.Release|Any CPU.ActiveCfg = Release|Any CPU
		{D2112F15-3CE4-4569-A048-248AA4F3637A}.Release|Any CPU.Build.0 = Release|Any CPU
		{BC7FC718-6EA0-4A9E-B3E9-B99CA6DB7903}.Debug|Any CPU.ActiveCfg = Debug|Any CPU
		{BC7FC718-6EA0-4A9E-B3E9-B99CA6DB7903}.Debug|Any CPU.Build.0 = Debug|Any CPU
		{BC7FC718-6EA0-4A9E-B3E9-B99CA6DB7903}.Release|Any CPU.ActiveCfg = Release|Any CPU
		{BC7FC718-6EA0-4A9E-B3E9-B99CA6DB7903}.Release|Any CPU.Build.0 = Release|Any CPU
	EndGlobalSection
	GlobalSection(SolutionProperties) = preSolution
		HideSolutionNode = FALSE
	EndGlobalSection
	GlobalSection(ExtensibilityGlobals) = postSolution
		SolutionGuid = {96216363-885C-4F55-84E1-390F23AAD107}
	EndGlobalSection
EndGlobal
